
Microsoft Visual Studio Solution File, Format Version 12.00
# Visual Studio Version 16
VisualStudioVersion = 16.0.29318.209
MinimumVisualStudioVersion = 10.0.40219.1
Project("{FAE04EC0-301F-11D3-BF4B-00C04F79EFBC}") = "AoC2021Day4", "AoC2021Day4\AoC2021Day4.csproj", "{8B0F0B9B-DE00-4216-BB01-FF47876491A4}"
EndProject
Global
	GlobalSection(SolutionConfigurationPlatforms) = preSolution
		Debug|Any CPU = Debug|Any CPU
		Release|Any CPU = Release|Any CPU
	EndGlobalSection
	GlobalSection(ProjectConfigurationPlatforms) = postSolution
		{8B0F0B9B-DE00-4216-BB01-FF47876491A4}.Debug|Any CPU.ActiveCfg = Debug|Any CPU
		{8B0F0B9B-DE00-4216-BB01-FF47876491A4}.Debug|Any CPU.Build.0 = Debug|Any CPU
		{8B0F0B9B-DE00-4216-BB01-FF47876491A4}.Release|Any CPU.ActiveCfg = Release|Any CPU
		{8B0F0B9B-DE00-4216-BB01-FF47876491A4}.Release|Any CPU.Build.0 = Release|Any CPU
	EndGlobalSection
	GlobalSection(SolutionProperties) = preSolution
		HideSolutionNode = FALSE
	EndGlobalSection
	GlobalSection(ExtensibilityGlobals) = postSolution
		SolutionGuid = {2EA48FDA-680E-4477-9C29-633A4CC20877}
	EndGlobalSection
EndGlobal
