
Microsoft Visual Studio Solution File, Format Version 12.00
# Visual Studio Version 16
VisualStudioVersion = 16.0.31702.278
MinimumVisualStudioVersion = 10.0.40219.1
Project("{FAE04EC0-301F-11D3-BF4B-00C04F79EFBC}") = "Aoc2021Day2", "Aoc2021Day2\Aoc2021Day2.csproj", "{35789316-9F90-4427-97F3-6EA8D2FA9609}"
EndProject
Global
	GlobalSection(SolutionConfigurationPlatforms) = preSolution
		Debug|Any CPU = Debug|Any CPU
		Release|Any CPU = Release|Any CPU
	EndGlobalSection
	GlobalSection(ProjectConfigurationPlatforms) = postSolution
		{35789316-9F90-4427-97F3-6EA8D2FA9609}.Debug|Any CPU.ActiveCfg = Debug|Any CPU
		{35789316-9F90-4427-97F3-6EA8D2FA9609}.Debug|Any CPU.Build.0 = Debug|Any CPU
		{35789316-9F90-4427-97F3-6EA8D2FA9609}.Release|Any CPU.ActiveCfg = Release|Any CPU
		{35789316-9F90-4427-97F3-6EA8D2FA9609}.Release|Any CPU.Build.0 = Release|Any CPU
	EndGlobalSection
	GlobalSection(SolutionProperties) = preSolution
		HideSolutionNode = FALSE
	EndGlobalSection
	GlobalSection(ExtensibilityGlobals) = postSolution
		SolutionGuid = {88B808E3-42C2-4BE6-B52E-804CD3EB8CFF}
	EndGlobalSection
EndGlobal
