
Microsoft Visual Studio Solution File, Format Version 12.00
# Visual Studio Version 16
VisualStudioVersion = 16.0.29318.209
MinimumVisualStudioVersion = 10.0.40219.1
Project("{FAE04EC0-301F-11D3-BF4B-00C04F79EFBC}") = "AoC2021Day6", "AoC2021Day6\AoC2021Day6.csproj", "{884DEC20-D613-470A-B02F-071AC8FCF353}"
EndProject
Global
	GlobalSection(SolutionConfigurationPlatforms) = preSolution
		Debug|Any CPU = Debug|Any CPU
		Release|Any CPU = Release|Any CPU
	EndGlobalSection
	GlobalSection(ProjectConfigurationPlatforms) = postSolution
		{884DEC20-D613-470A-B02F-071AC8FCF353}.Debug|Any CPU.ActiveCfg = Debug|Any CPU
		{884DEC20-D613-470A-B02F-071AC8FCF353}.Debug|Any CPU.Build.0 = Debug|Any CPU
		{884DEC20-D613-470A-B02F-071AC8FCF353}.Release|Any CPU.ActiveCfg = Release|Any CPU
		{884DEC20-D613-470A-B02F-071AC8FCF353}.Release|Any CPU.Build.0 = Release|Any CPU
	EndGlobalSection
	GlobalSection(SolutionProperties) = preSolution
		HideSolutionNode = FALSE
	EndGlobalSection
	GlobalSection(ExtensibilityGlobals) = postSolution
		SolutionGuid = {E7122E39-8E91-4CBB-8470-80A78DD58A00}
	EndGlobalSection
EndGlobal
