
Microsoft Visual Studio Solution File, Format Version 12.00
# Visual Studio Version 16
VisualStudioVersion = 16.0.31702.278
MinimumVisualStudioVersion = 10.0.40219.1
Project("{FAE04EC0-301F-11D3-BF4B-00C04F79EFBC}") = "Aoc2021Day3", "Aoc2021Day3\Aoc2021Day3.csproj", "{5BF000A1-D615-477D-BC95-2EB6422BF116}"
EndProject
Global
	GlobalSection(SolutionConfigurationPlatforms) = preSolution
		Debug|Any CPU = Debug|Any CPU
		Release|Any CPU = Release|Any CPU
	EndGlobalSection
	GlobalSection(ProjectConfigurationPlatforms) = postSolution
		{5BF000A1-D615-477D-BC95-2EB6422BF116}.Debug|Any CPU.ActiveCfg = Debug|Any CPU
		{5BF000A1-D615-477D-BC95-2EB6422BF116}.Debug|Any CPU.Build.0 = Debug|Any CPU
		{5BF000A1-D615-477D-BC95-2EB6422BF116}.Release|Any CPU.ActiveCfg = Release|Any CPU
		{5BF000A1-D615-477D-BC95-2EB6422BF116}.Release|Any CPU.Build.0 = Release|Any CPU
	EndGlobalSection
	GlobalSection(SolutionProperties) = preSolution
		HideSolutionNode = FALSE
	EndGlobalSection
	GlobalSection(ExtensibilityGlobals) = postSolution
		SolutionGuid = {FA4ADE35-CA78-4250-8631-CF3D94597446}
	EndGlobalSection
EndGlobal
